
Microsoft Visual Studio Solution File, Format Version 12.00
# Visual Studio Version 17
VisualStudioVersion = 17.14.36127.28 d17.14
MinimumVisualStudioVersion = 10.0.40219.1
Project("{FAE04EC0-301F-11D3-BF4B-00C04F79EFBC}") = "Decorator", "Decorator\Decorator.csproj", "{62C99F2A-BDE3-4DA1-8A91-CF17A5A7777C}"
EndProject
Global
	GlobalSection(SolutionConfigurationPlatforms) = preSolution
		Debug|Any CPU = Debug|Any CPU
		Release|Any CPU = Release|Any CPU
	EndGlobalSection
	GlobalSection(ProjectConfigurationPlatforms) = postSolution
		{62C99F2A-BDE3-4DA1-8A91-CF17A5A7777C}.Debug|Any CPU.ActiveCfg = Debug|Any CPU
		{62C99F2A-BDE3-4DA1-8A91-CF17A5A7777C}.Debug|Any CPU.Build.0 = Debug|Any CPU
		{62C99F2A-BDE3-4DA1-8A91-CF17A5A7777C}.Release|Any CPU.ActiveCfg = Release|Any CPU
		{62C99F2A-BDE3-4DA1-8A91-CF17A5A7777C}.Release|Any CPU.Build.0 = Release|Any CPU
	EndGlobalSection
	GlobalSection(SolutionProperties) = preSolution
		HideSolutionNode = FALSE
	EndGlobalSection
	GlobalSection(ExtensibilityGlobals) = postSolution
		SolutionGuid = {8C3FF40C-7EFC-4419-A274-C3150A3C98A5}
	EndGlobalSection
EndGlobal
